
Microsoft Visual Studio Solution File, Format Version 12.00
# Visual Studio Version 16
VisualStudioVersion = 16.0.33529.622
MinimumVisualStudioVersion = 10.0.40219.1
Project("{FAE04EC0-301F-11D3-BF4B-00C04F79EFBC}") = "单个同步TCP客户端实现之TcpClient类", "单个同步TCP客户端实现之TcpClient类\单个同步TCP客户端实现之TcpClient类.csproj", "{3C44436F-09A7-432E-9340-87E567D36C8A}"
EndProject
Global
	GlobalSection(SolutionConfigurationPlatforms) = preSolution
		Debug|Any CPU = Debug|Any CPU
		Release|Any CPU = Release|Any CPU
	EndGlobalSection
	GlobalSection(ProjectConfigurationPlatforms) = postSolution
		{3C44436F-09A7-432E-9340-87E567D36C8A}.Debug|Any CPU.ActiveCfg = Debug|Any CPU
		{3C44436F-09A7-432E-9340-87E567D36C8A}.Debug|Any CPU.Build.0 = Debug|Any CPU
		{3C44436F-09A7-432E-9340-87E567D36C8A}.Release|Any CPU.ActiveCfg = Release|Any CPU
		{3C44436F-09A7-432E-9340-87E567D36C8A}.Release|Any CPU.Build.0 = Release|Any CPU
	EndGlobalSection
	GlobalSection(SolutionProperties) = preSolution
		HideSolutionNode = FALSE
	EndGlobalSection
	GlobalSection(ExtensibilityGlobals) = postSolution
		SolutionGuid = {CA60BFE7-DE43-49B5-8872-B03DA91B55AB}
	EndGlobalSection
EndGlobal
