
Microsoft Visual Studio Solution File, Format Version 12.00
# Visual Studio 15
VisualStudioVersion = 15.0.28307.645
MinimumVisualStudioVersion = 10.0.40219.1
Project("{FAE04EC0-301F-11D3-BF4B-00C04F79EFBC}") = "IOCP_Net", "IOCP_Net.csproj", "{97BD57FB-1B49-482C-8E62-899CAE576399}"
EndProject
Project("{FAE04EC0-301F-11D3-BF4B-00C04F79EFBC}") = "ServerTest", "..\ServerTest\ServerTest.csproj", "{A6582B7E-F03F-483E-A672-019722D9F4E2}"
EndProject
Project("{FAE04EC0-301F-11D3-BF4B-00C04F79EFBC}") = "ClientTest", "ClientTest\ClientTest.csproj", "{21EE0537-F518-4FD8-88D0-36D29DD5530E}"
EndProject
Global
	GlobalSection(SolutionConfigurationPlatforms) = preSolution
		Debug|Any CPU = Debug|Any CPU
		Release|Any CPU = Release|Any CPU
	EndGlobalSection
	GlobalSection(ProjectConfigurationPlatforms) = postSolution
		{97BD57FB-1B49-482C-8E62-899CAE576399}.Debug|Any CPU.ActiveCfg = Debug|Any CPU
		{97BD57FB-1B49-482C-8E62-899CAE576399}.Debug|Any CPU.Build.0 = Debug|Any CPU
		{97BD57FB-1B49-482C-8E62-899CAE576399}.Release|Any CPU.ActiveCfg = Release|Any CPU
		{97BD57FB-1B49-482C-8E62-899CAE576399}.Release|Any CPU.Build.0 = Release|Any CPU
		{A6582B7E-F03F-483E-A672-019722D9F4E2}.Debug|Any CPU.ActiveCfg = Debug|Any CPU
		{A6582B7E-F03F-483E-A672-019722D9F4E2}.Debug|Any CPU.Build.0 = Debug|Any CPU
		{A6582B7E-F03F-483E-A672-019722D9F4E2}.Release|Any CPU.ActiveCfg = Release|Any CPU
		{A6582B7E-F03F-483E-A672-019722D9F4E2}.Release|Any CPU.Build.0 = Release|Any CPU
		{21EE0537-F518-4FD8-88D0-36D29DD5530E}.Debug|Any CPU.ActiveCfg = Debug|Any CPU
		{21EE0537-F518-4FD8-88D0-36D29DD5530E}.Debug|Any CPU.Build.0 = Debug|Any CPU
		{21EE0537-F518-4FD8-88D0-36D29DD5530E}.Release|Any CPU.ActiveCfg = Release|Any CPU
		{21EE0537-F518-4FD8-88D0-36D29DD5530E}.Release|Any CPU.Build.0 = Release|Any CPU
	EndGlobalSection
	GlobalSection(SolutionProperties) = preSolution
		HideSolutionNode = FALSE
	EndGlobalSection
	GlobalSection(ExtensibilityGlobals) = postSolution
		SolutionGuid = {583471CA-23F0-42E2-82A1-A92112963AA3}
	EndGlobalSection
EndGlobal
